{
  "name": "bluetemberg-rules",
  "lockfileVersion": 3,
  "requires": true,
  "packages": {
    "": {
      "name": "bluetemberg-rules",
      "workspaces": [
        "packages/*"
      ]
    },
    "node_modules/bluetemberg-rules-devops": {
      "resolved": "packages/bluetemberg-rules-devops",
      "link": true
    },
    "node_modules/bluetemberg-rules-docs": {
      "resolved": "packages/bluetemberg-rules-docs",
      "link": true
    },
    "node_modules/bluetemberg-rules-git": {
      "resolved": "packages/bluetemberg-rules-git",
      "link": true
    },
    "node_modules/bluetemberg-rules-security": {
      "resolved": "packages/bluetemberg-rules-security",
      "link": true
    },
    "node_modules/bluetemberg-rules-typescript": {
      "resolved": "packages/bluetemberg-rules-typescript",
      "link": true
    },
    "packages/bluetemberg-rules-devops": {
      "version": "0.1.0",
      "license": "MIT"
    },
    "packages/bluetemberg-rules-docs": {
      "version": "0.1.0",
      "license": "MIT"
    },
    "packages/bluetemberg-rules-git": {
      "version": "0.1.0",
      "license": "MIT"
    },
    "packages/bluetemberg-rules-security": {
      "version": "0.1.0",
      "license": "MIT"
    },
    "packages/bluetemberg-rules-typescript": {
      "version": "0.1.0",
      "license": "MIT"
    }
  }
}
