{
  "name": "bluetemberg-rules",
  "lockfileVersion": 3,
  "requires": true,
  "packages": {
    "": {
      "name": "bluetemberg-rules",
      "workspaces": [
        "packages/*"
      ]
    },
    "node_modules/bluetemberg-agents-a11y-specialist": {
      "resolved": "packages/bluetemberg-agents-a11y-specialist",
      "link": true
    },
    "node_modules/bluetemberg-agents-ansible-specialist": {
      "resolved": "packages/bluetemberg-agents-ansible-specialist",
      "link": true
    },
    "node_modules/bluetemberg-agents-backend-specialist": {
      "resolved": "packages/bluetemberg-agents-backend-specialist",
      "link": true
    },
    "node_modules/bluetemberg-agents-code-reviewer": {
      "resolved": "packages/bluetemberg-agents-code-reviewer",
      "link": true
    },
    "node_modules/bluetemberg-agents-devops-specialist": {
      "resolved": "packages/bluetemberg-agents-devops-specialist",
      "link": true
    },
    "node_modules/bluetemberg-agents-docs-maintainer": {
      "resolved": "packages/bluetemberg-agents-docs-maintainer",
      "link": true
    },
    "node_modules/bluetemberg-agents-frontend-specialist": {
      "resolved": "packages/bluetemberg-agents-frontend-specialist",
      "link": true
    },
    "node_modules/bluetemberg-agents-infrastructure-specialist": {
      "resolved": "packages/bluetemberg-agents-infrastructure-specialist",
      "link": true
    },
    "node_modules/bluetemberg-agents-kubernetes-specialist": {
      "resolved": "packages/bluetemberg-agents-kubernetes-specialist",
      "link": true
    },
    "node_modules/bluetemberg-agents-security-specialist": {
      "resolved": "packages/bluetemberg-agents-security-specialist",
      "link": true
    },
    "node_modules/bluetemberg-agents-sre-specialist": {
      "resolved": "packages/bluetemberg-agents-sre-specialist",
      "link": true
    },
    "node_modules/bluetemberg-agents-test-specialist": {
      "resolved": "packages/bluetemberg-agents-test-specialist",
      "link": true
    },
    "node_modules/bluetemberg-guardrails-git": {
      "resolved": "packages/bluetemberg-guardrails-git",
      "link": true
    },
    "node_modules/bluetemberg-packs.git": {
      "resolved": "packages/bluetemberg-rules-git",
      "link": true
    },
    "node_modules/bluetemberg-rules-devops": {
      "resolved": "packages/bluetemberg-rules-devops",
      "link": true
    },
    "node_modules/bluetemberg-rules-docs": {
      "resolved": "packages/bluetemberg-rules-docs",
      "link": true
    },
    "node_modules/bluetemberg-rules-nextjs": {
      "resolved": "packages/bluetemberg-rules-nextjs",
      "link": true
    },
    "node_modules/bluetemberg-rules-security": {
      "resolved": "packages/bluetemberg-rules-security",
      "link": true
    },
    "node_modules/bluetemberg-rules-typescript": {
      "resolved": "packages/bluetemberg-rules-typescript",
      "link": true
    },
    "node_modules/bluetemberg-skills-api-design": {
      "resolved": "packages/bluetemberg-skills-api-design",
      "link": true
    },
    "node_modules/bluetemberg-skills-ci-cd-best-practices": {
      "resolved": "packages/bluetemberg-skills-ci-cd-best-practices",
      "link": true
    },
    "node_modules/bluetemberg-skills-code-review": {
      "resolved": "packages/bluetemberg-skills-code-review",
      "link": true
    },
    "node_modules/bluetemberg-skills-docs-upkeep": {
      "resolved": "packages/bluetemberg-skills-docs-upkeep",
      "link": true
    },
    "node_modules/bluetemberg-skills-infrastructure-drift-check": {
      "resolved": "packages/bluetemberg-skills-infrastructure-drift-check",
      "link": true
    },
    "node_modules/bluetemberg-skills-migration-safety": {
      "resolved": "packages/bluetemberg-skills-migration-safety",
      "link": true
    },
    "node_modules/bluetemberg-skills-patterns": {
      "resolved": "packages/bluetemberg-skills-patterns",
      "link": true
    },
    "node_modules/bluetemberg-skills-react-patterns": {
      "resolved": "packages/bluetemberg-skills-react-patterns",
      "link": true
    },
    "node_modules/bluetemberg-skills-rollback-plan": {
      "resolved": "packages/bluetemberg-skills-rollback-plan",
      "link": true
    },
    "node_modules/bluetemberg-skills-security-audit": {
      "resolved": "packages/bluetemberg-skills-security-audit",
      "link": true
    },
    "node_modules/bluetemberg-skills-stack-change-review": {
      "resolved": "packages/bluetemberg-skills-stack-change-review",
      "link": true
    },
    "node_modules/bluetemberg-skills-workspace-hygiene": {
      "resolved": "packages/bluetemberg-skills-workspace-hygiene",
      "link": true
    },
    "packages/bluetemberg-agents-a11y-specialist": {
      "version": "0.1.0",
      "license": "MIT"
    },
    "packages/bluetemberg-agents-ansible-specialist": {
      "version": "0.1.0",
      "license": "MIT"
    },
    "packages/bluetemberg-agents-backend-specialist": {
      "version": "0.1.0",
      "license": "MIT"
    },
    "packages/bluetemberg-agents-code-reviewer": {
      "version": "0.1.0",
      "license": "MIT"
    },
    "packages/bluetemberg-agents-devops-specialist": {
      "version": "0.1.0",
      "license": "MIT"
    },
    "packages/bluetemberg-agents-docs-maintainer": {
      "version": "0.1.0",
      "license": "MIT"
    },
    "packages/bluetemberg-agents-frontend-specialist": {
      "version": "0.1.0",
      "license": "MIT"
    },
    "packages/bluetemberg-agents-infrastructure-specialist": {
      "version": "0.1.0",
      "license": "MIT"
    },
    "packages/bluetemberg-agents-kubernetes-specialist": {
      "version": "0.1.0",
      "license": "MIT"
    },
    "packages/bluetemberg-agents-security-specialist": {
      "version": "0.1.0",
      "license": "MIT"
    },
    "packages/bluetemberg-agents-sre-specialist": {
      "version": "0.1.0",
      "license": "MIT"
    },
    "packages/bluetemberg-agents-test-specialist": {
      "version": "0.1.0",
      "license": "MIT"
    },
    "packages/bluetemberg-guardrails-git": {
      "version": "0.1.0",
      "license": "MIT"
    },
    "packages/bluetemberg-rules-devops": {
      "version": "0.2.0",
      "license": "MIT"
    },
    "packages/bluetemberg-rules-docs": {
      "version": "0.2.0",
      "license": "MIT"
    },
    "packages/bluetemberg-rules-git": {
      "name": "bluetemberg-packs.git",
      "version": "0.1.0",
      "license": "MIT"
    },
    "packages/bluetemberg-rules-nextjs": {
      "version": "0.1.0",
      "license": "MIT"
    },
    "packages/bluetemberg-rules-security": {
      "version": "0.1.0",
      "license": "MIT"
    },
    "packages/bluetemberg-rules-typescript": {
      "version": "0.1.0",
      "license": "MIT"
    },
    "packages/bluetemberg-skills-api-design": {
      "version": "0.1.0",
      "license": "MIT"
    },
    "packages/bluetemberg-skills-ci-cd-best-practices": {
      "version": "0.1.0",
      "license": "MIT"
    },
    "packages/bluetemberg-skills-code-review": {
      "version": "0.1.0",
      "license": "MIT"
    },
    "packages/bluetemberg-skills-docs-upkeep": {
      "version": "0.1.0",
      "license": "MIT"
    },
    "packages/bluetemberg-skills-infrastructure-drift-check": {
      "version": "0.1.0",
      "license": "MIT"
    },
    "packages/bluetemberg-skills-migration-safety": {
      "version": "0.1.0",
      "license": "MIT"
    },
    "packages/bluetemberg-skills-patterns": {
      "version": "0.1.0",
      "license": "MIT"
    },
    "packages/bluetemberg-skills-react-patterns": {
      "version": "0.1.0",
      "license": "MIT"
    },
    "packages/bluetemberg-skills-rollback-plan": {
      "version": "0.1.0",
      "license": "MIT"
    },
    "packages/bluetemberg-skills-security-audit": {
      "version": "0.1.0",
      "license": "MIT"
    },
    "packages/bluetemberg-skills-stack-change-review": {
      "version": "0.1.0",
      "license": "MIT"
    },
    "packages/bluetemberg-skills-workspace-hygiene": {
      "version": "0.1.0",
      "license": "MIT"
    }
  }
}
